
Microsoft Visual Studio Solution File, Format Version 12.00
# Visual Studio 15
VisualStudioVersion = 15.0.28010.2036
MinimumVisualStudioVersion = 10.0.40219.1
Project("{9A19103F-16F7-4668-BE54-9A1E7A4F7556}") = "Server", "ServerAndClient\Server.csproj", "{779149ED-32CF-4B48-8794-837A2AA9E862}"
EndProject
Project("{9A19103F-16F7-4668-BE54-9A1E7A4F7556}") = "Client", "Client\Client.csproj", "{EB82A383-7A0E-416A-A262-3D6B8911382E}"
EndProject
Project("{9A19103F-16F7-4668-BE54-9A1E7A4F7556}") = "ServerFacts", "MessageFacts\ServerFacts.csproj", "{FDD66B04-2D28-41E2-B424-4E7B39A8F11D}"
EndProject
Project("{FAE04EC0-301F-11D3-BF4B-00C04F79EFBC}") = "CommonClasses", "CommonClasses\CommonClasses.csproj", "{89BED7A5-72B2-42D3-AB9A-3BC32FB79C3A}"
EndProject
Global
	GlobalSection(SolutionConfigurationPlatforms) = preSolution
		Debug|Any CPU = Debug|Any CPU
		Release|Any CPU = Release|Any CPU
	EndGlobalSection
	GlobalSection(ProjectConfigurationPlatforms) = postSolution
		{779149ED-32CF-4B48-8794-837A2AA9E862}.Debug|Any CPU.ActiveCfg = Debug|Any CPU
		{779149ED-32CF-4B48-8794-837A2AA9E862}.Debug|Any CPU.Build.0 = Debug|Any CPU
		{779149ED-32CF-4B48-8794-837A2AA9E862}.Release|Any CPU.ActiveCfg = Release|Any CPU
		{779149ED-32CF-4B48-8794-837A2AA9E862}.Release|Any CPU.Build.0 = Release|Any CPU
		{EB82A383-7A0E-416A-A262-3D6B8911382E}.Debug|Any CPU.ActiveCfg = Debug|Any CPU
		{EB82A383-7A0E-416A-A262-3D6B8911382E}.Debug|Any CPU.Build.0 = Debug|Any CPU
		{EB82A383-7A0E-416A-A262-3D6B8911382E}.Release|Any CPU.ActiveCfg = Release|Any CPU
		{EB82A383-7A0E-416A-A262-3D6B8911382E}.Release|Any CPU.Build.0 = Release|Any CPU
		{FDD66B04-2D28-41E2-B424-4E7B39A8F11D}.Debug|Any CPU.ActiveCfg = Debug|Any CPU
		{FDD66B04-2D28-41E2-B424-4E7B39A8F11D}.Debug|Any CPU.Build.0 = Debug|Any CPU
		{FDD66B04-2D28-41E2-B424-4E7B39A8F11D}.Release|Any CPU.ActiveCfg = Release|Any CPU
		{FDD66B04-2D28-41E2-B424-4E7B39A8F11D}.Release|Any CPU.Build.0 = Release|Any CPU
		{89BED7A5-72B2-42D3-AB9A-3BC32FB79C3A}.Debug|Any CPU.ActiveCfg = Debug|Any CPU
		{89BED7A5-72B2-42D3-AB9A-3BC32FB79C3A}.Debug|Any CPU.Build.0 = Debug|Any CPU
		{89BED7A5-72B2-42D3-AB9A-3BC32FB79C3A}.Release|Any CPU.ActiveCfg = Release|Any CPU
		{89BED7A5-72B2-42D3-AB9A-3BC32FB79C3A}.Release|Any CPU.Build.0 = Release|Any CPU
	EndGlobalSection
	GlobalSection(SolutionProperties) = preSolution
		HideSolutionNode = FALSE
	EndGlobalSection
	GlobalSection(ExtensibilityGlobals) = postSolution
		SolutionGuid = {3707813C-71A8-4AAE-A2E7-BB3B34D0FFC1}
	EndGlobalSection
EndGlobal
